// !$*UTF8*$!
{
	archiveVersion = 1;
	classes = {
	};
	objectVersion = 55;
	objects = {

/* Begin PBXBuildFile section */
		71F9968727CD048600D1D603 /* AppDelegate.swift in Sources */ = {isa = PBXBuildFile; fileRef = 71F9968627CD048600D1D603 /* AppDelegate.swift */; };
		71F9968927CD048600D1D603 /* SceneDelegate.swift in Sources */ = {isa = PBXBuildFile; fileRef = 71F9968827CD048600D1D603 /* SceneDelegate.swift */; };
		71F9968B27CD048600D1D603 /* ViewController.swift in Sources */ = {isa = PBXBuildFile; fileRef = 71F9968A27CD048600D1D603 /* ViewController.swift */; };
		71F9968E27CD048600D1D603 /* Main.storyboard in Resources */ = {isa = PBXBuildFile; fileRef = 71F9968C27CD048600D1D603 /* Main.storyboard */; };
		71F9969027CD048800D1D603 /* Assets.xcassets in Resources */ = {isa = PBXBuildFile; fileRef = 71F9968F27CD048800D1D603 /* Assets.xcassets */; };
		71F9969327CD048800D1D603 /* LaunchScreen.storyboard in Resources */ = {isa = PBXBuildFile; fileRef = 71F9969127CD048800D1D603 /* LaunchScreen.storyboard */; };
		71F9969F27CD067000D1D603 /* FreeDrawingImageViewCPUSlow.swift in Sources */ = {isa = PBXBuildFile; fileRef = 71F9969B27CD067000D1D603 /* FreeDrawingImageViewCPUSlow.swift */; };
		71F996A027CD067000D1D603 /* FreeDrawingImageViewSubLayer.swift in Sources */ = {isa = PBXBuildFile; fileRef = 71F9969C27CD067000D1D603 /* FreeDrawingImageViewSubLayer.swift */; };
		71F996A127CD067000D1D603 /* FreeDrawingImageViewDrawLayer.swift in Sources */ = {isa = PBXBuildFile; fileRef = 71F9969D27CD067000D1D603 /* FreeDrawingImageViewDrawLayer.swift */; };
		71F996A227CD067000D1D603 /* FreeDrawingImageViewCPUFast.swift in Sources */ = {isa = PBXBuildFile; fileRef = 71F9969E27CD067000D1D603 /* FreeDrawingImageViewCPUFast.swift */; };
		71F996A527CD06B100D1D603 /* Drawable.swift in Sources */ = {isa = PBXBuildFile; fileRef = 71F996A427CD06B100D1D603 /* Drawable.swift */; };
		71F996A827CD06D400D1D603 /* DisplaySizes.swift in Sources */ = {isa = PBXBuildFile; fileRef = 71F996A727CD06D400D1D603 /* DisplaySizes.swift */; };
		71F996AA27CD06E400D1D603 /* DisplayedViewEnum.swift in Sources */ = {isa = PBXBuildFile; fileRef = 71F996A927CD06E400D1D603 /* DisplayedViewEnum.swift */; };
		71F996B027CD074F00D1D603 /* FPSStatusBarViewController.swift in Sources */ = {isa = PBXBuildFile; fileRef = 71F996AC27CD074E00D1D603 /* FPSStatusBarViewController.swift */; };
		71F996B127CD074F00D1D603 /* FPSStatusBarWindow.swift in Sources */ = {isa = PBXBuildFile; fileRef = 71F996AE27CD074E00D1D603 /* FPSStatusBarWindow.swift */; };
		71F996B227CD074F00D1D603 /* FPSCounter.swift in Sources */ = {isa = PBXBuildFile; fileRef = 71F996AF27CD074F00D1D603 /* FPSCounter.swift */; };
/* End PBXBuildFile section */

/* Begin PBXFileReference section */
		71F9968327CD048600D1D603 /* CoreGraphics-Performance.app */ = {isa = PBXFileReference; explicitFileType = wrapper.application; includeInIndex = 0; path = "CoreGraphics-Performance.app"; sourceTree = BUILT_PRODUCTS_DIR; };
		71F9968627CD048600D1D603 /* AppDelegate.swift */ = {isa = PBXFileReference; lastKnownFileType = sourcecode.swift; path = AppDelegate.swift; sourceTree = "<group>"; };
		71F9968827CD048600D1D603 /* SceneDelegate.swift */ = {isa = PBXFileReference; lastKnownFileType = sourcecode.swift; path = SceneDelegate.swift; sourceTree = "<group>"; };
		71F9968A27CD048600D1D603 /* ViewController.swift */ = {isa = PBXFileReference; lastKnownFileType = sourcecode.swift; path = ViewController.swift; sourceTree = "<group>"; };
		71F9968D27CD048600D1D603 /* Base */ = {isa = PBXFileReference; lastKnownFileType = file.storyboard; name = Base; path = Base.lproj/Main.storyboard; sourceTree = "<group>"; };
		71F9968F27CD048800D1D603 /* Assets.xcassets */ = {isa = PBXFileReference; lastKnownFileType = folder.assetcatalog; path = Assets.xcassets; sourceTree = "<group>"; };
		71F9969227CD048800D1D603 /* Base */ = {isa = PBXFileReference; lastKnownFileType = file.storyboard; name = Base; path = Base.lproj/LaunchScreen.storyboard; sourceTree = "<group>"; };
		71F9969427CD048800D1D603 /* Info.plist */ = {isa = PBXFileReference; lastKnownFileType = text.plist.xml; path = Info.plist; sourceTree = "<group>"; };
		71F9969B27CD067000D1D603 /* FreeDrawingImageViewCPUSlow.swift */ = {isa = PBXFileReference; fileEncoding = 4; lastKnownFileType = sourcecode.swift; path = FreeDrawingImageViewCPUSlow.swift; sourceTree = "<group>"; };
		71F9969C27CD067000D1D603 /* FreeDrawingImageViewSubLayer.swift */ = {isa = PBXFileReference; fileEncoding = 4; lastKnownFileType = sourcecode.swift; path = FreeDrawingImageViewSubLayer.swift; sourceTree = "<group>"; };
		71F9969D27CD067000D1D603 /* FreeDrawingImageViewDrawLayer.swift */ = {isa = PBXFileReference; fileEncoding = 4; lastKnownFileType = sourcecode.swift; path = FreeDrawingImageViewDrawLayer.swift; sourceTree = "<group>"; };
		71F9969E27CD067000D1D603 /* FreeDrawingImageViewCPUFast.swift */ = {isa = PBXFileReference; fileEncoding = 4; lastKnownFileType = sourcecode.swift; path = FreeDrawingImageViewCPUFast.swift; sourceTree = "<group>"; };
		71F996A427CD06B100D1D603 /* Drawable.swift */ = {isa = PBXFileReference; lastKnownFileType = sourcecode.swift; path = Drawable.swift; sourceTree = "<group>"; };
		71F996A727CD06D400D1D603 /* DisplaySizes.swift */ = {isa = PBXFileReference; lastKnownFileType = sourcecode.swift; path = DisplaySizes.swift; sourceTree = "<group>"; };
		71F996A927CD06E400D1D603 /* DisplayedViewEnum.swift */ = {isa = PBXFileReference; lastKnownFileType = sourcecode.swift; path = DisplayedViewEnum.swift; sourceTree = "<group>"; };
		71F996AC27CD074E00D1D603 /* FPSStatusBarViewController.swift */ = {isa = PBXFileReference; fileEncoding = 4; lastKnownFileType = sourcecode.swift; path = FPSStatusBarViewController.swift; sourceTree = "<group>"; };
		71F996AD27CD074E00D1D603 /* FPSCounter.h */ = {isa = PBXFileReference; fileEncoding = 4; lastKnownFileType = sourcecode.c.h; path = FPSCounter.h; sourceTree = "<group>"; };
		71F996AE27CD074E00D1D603 /* FPSStatusBarWindow.swift */ = {isa = PBXFileReference; fileEncoding = 4; lastKnownFileType = sourcecode.swift; path = FPSStatusBarWindow.swift; sourceTree = "<group>"; };
		71F996AF27CD074F00D1D603 /* FPSCounter.swift */ = {isa = PBXFileReference; fileEncoding = 4; lastKnownFileType = sourcecode.swift; path = FPSCounter.swift; sourceTree = "<group>"; };
/* End PBXFileReference section */

/* Begin PBXFrameworksBuildPhase section */
		71F9968027CD048600D1D603 /* Frameworks */ = {
			isa = PBXFrameworksBuildPhase;
			buildActionMask = 2147483647;
			files = (
			);
			runOnlyForDeploymentPostprocessing = 0;
		};
/* End PBXFrameworksBuildPhase section */

/* Begin PBXGroup section */
		71F9967A27CD048600D1D603 = {
			isa = PBXGroup;
			children = (
				71F9968527CD048600D1D603 /* CoreGraphics-Performance */,
				71F9968427CD048600D1D603 /* Products */,
			);
			sourceTree = "<group>";
		};
		71F9968427CD048600D1D603 /* Products */ = {
			isa = PBXGroup;
			children = (
				71F9968327CD048600D1D603 /* CoreGraphics-Performance.app */,
			);
			name = Products;
			sourceTree = "<group>";
		};
		71F9968527CD048600D1D603 /* CoreGraphics-Performance */ = {
			isa = PBXGroup;
			children = (
				71F996AB27CD071000D1D603 /* FramerateCounter */,
				71F996A627CD06C500D1D603 /* Enum */,
				71F996A327CD06A400D1D603 /* Extension */,
				71F9969A27CD04CA00D1D603 /* DrawingViews */,
				71F9968627CD048600D1D603 /* AppDelegate.swift */,
				71F9968827CD048600D1D603 /* SceneDelegate.swift */,
				71F9968A27CD048600D1D603 /* ViewController.swift */,
				71F9968C27CD048600D1D603 /* Main.storyboard */,
				71F9968F27CD048800D1D603 /* Assets.xcassets */,
				71F9969127CD048800D1D603 /* LaunchScreen.storyboard */,
				71F9969427CD048800D1D603 /* Info.plist */,
			);
			path = "CoreGraphics-Performance";
			sourceTree = "<group>";
		};
		71F9969A27CD04CA00D1D603 /* DrawingViews */ = {
			isa = PBXGroup;
			children = (
				71F9969E27CD067000D1D603 /* FreeDrawingImageViewCPUFast.swift */,
				71F9969B27CD067000D1D603 /* FreeDrawingImageViewCPUSlow.swift */,
				71F9969D27CD067000D1D603 /* FreeDrawingImageViewDrawLayer.swift */,
				71F9969C27CD067000D1D603 /* FreeDrawingImageViewSubLayer.swift */,
			);
			path = DrawingViews;
			sourceTree = "<group>";
		};
		71F996A327CD06A400D1D603 /* Extension */ = {
			isa = PBXGroup;
			children = (
				71F996A427CD06B100D1D603 /* Drawable.swift */,
			);
			path = Extension;
			sourceTree = "<group>";
		};
		71F996A627CD06C500D1D603 /* Enum */ = {
			isa = PBXGroup;
			children = (
				71F996A727CD06D400D1D603 /* DisplaySizes.swift */,
				71F996A927CD06E400D1D603 /* DisplayedViewEnum.swift */,
			);
			path = Enum;
			sourceTree = "<group>";
		};
		71F996AB27CD071000D1D603 /* FramerateCounter */ = {
			isa = PBXGroup;
			children = (
				71F996AD27CD074E00D1D603 /* FPSCounter.h */,
				71F996AF27CD074F00D1D603 /* FPSCounter.swift */,
				71F996AC27CD074E00D1D603 /* FPSStatusBarViewController.swift */,
				71F996AE27CD074E00D1D603 /* FPSStatusBarWindow.swift */,
			);
			path = FramerateCounter;
			sourceTree = "<group>";
		};
/* End PBXGroup section */

/* Begin PBXNativeTarget section */
		71F9968227CD048600D1D603 /* CoreGraphics-Performance */ = {
			isa = PBXNativeTarget;
			buildConfigurationList = 71F9969727CD048800D1D603 /* Build configuration list for PBXNativeTarget "CoreGraphics-Performance" */;
			buildPhases = (
				71F9967F27CD048600D1D603 /* Sources */,
				71F9968027CD048600D1D603 /* Frameworks */,
				71F9968127CD048600D1D603 /* Resources */,
			);
			buildRules = (
			);
			dependencies = (
			);
			name = "CoreGraphics-Performance";
			productName = "CoreGraphics-Performance";
			productReference = 71F9968327CD048600D1D603 /* CoreGraphics-Performance.app */;
			productType = "com.apple.product-type.application";
		};
/* End PBXNativeTarget section */

/* Begin PBXProject section */
		71F9967B27CD048600D1D603 /* Project object */ = {
			isa = PBXProject;
			attributes = {
				BuildIndependentTargetsInParallel = 1;
				LastSwiftUpdateCheck = 1320;
				LastUpgradeCheck = 1320;
				TargetAttributes = {
					71F9968227CD048600D1D603 = {
						CreatedOnToolsVersion = 13.2;
					};
				};
			};
			buildConfigurationList = 71F9967E27CD048600D1D603 /* Build configuration list for PBXProject "CoreGraphics-Performance" */;
			compatibilityVersion = "Xcode 13.0";
			developmentRegion = en;
			hasScannedForEncodings = 0;
			knownRegions = (
				en,
				Base,
			);
			mainGroup = 71F9967A27CD048600D1D603;
			productRefGroup = 71F9968427CD048600D1D603 /* Products */;
			projectDirPath = "";
			projectRoot = "";
			targets = (
				71F9968227CD048600D1D603 /* CoreGraphics-Performance */,
			);
		};
/* End PBXProject section */

/* Begin PBXResourcesBuildPhase section */
		71F9968127CD048600D1D603 /* Resources */ = {
			isa = PBXResourcesBuildPhase;
			buildActionMask = 2147483647;
			files = (
				71F9969327CD048800D1D603 /* LaunchScreen.storyboard in Resources */,
				71F9969027CD048800D1D603 /* Assets.xcassets in Resources */,
				71F9968E27CD048600D1D603 /* Main.storyboard in Resources */,
			);
			runOnlyForDeploymentPostprocessing = 0;
		};
/* End PBXResourcesBuildPhase section */

/* Begin PBXSourcesBuildPhase section */
		71F9967F27CD048600D1D603 /* Sources */ = {
			isa = PBXSourcesBuildPhase;
			buildActionMask = 2147483647;
			files = (
				71F996A227CD067000D1D603 /* FreeDrawingImageViewCPUFast.swift in Sources */,
				71F9968B27CD048600D1D603 /* ViewController.swift in Sources */,
				71F9968727CD048600D1D603 /* AppDelegate.swift in Sources */,
				71F996A527CD06B100D1D603 /* Drawable.swift in Sources */,
				71F996B027CD074F00D1D603 /* FPSStatusBarViewController.swift in Sources */,
				71F996B127CD074F00D1D603 /* FPSStatusBarWindow.swift in Sources */,
				71F9968927CD048600D1D603 /* SceneDelegate.swift in Sources */,
				71F996A127CD067000D1D603 /* FreeDrawingImageViewDrawLayer.swift in Sources */,
				71F996A827CD06D400D1D603 /* DisplaySizes.swift in Sources */,
				71F996AA27CD06E400D1D603 /* DisplayedViewEnum.swift in Sources */,
				71F996A027CD067000D1D603 /* FreeDrawingImageViewSubLayer.swift in Sources */,
				71F9969F27CD067000D1D603 /* FreeDrawingImageViewCPUSlow.swift in Sources */,
				71F996B227CD074F00D1D603 /* FPSCounter.swift in Sources */,
			);
			runOnlyForDeploymentPostprocessing = 0;
		};
/* End PBXSourcesBuildPhase section */

/* Begin PBXVariantGroup section */
		71F9968C27CD048600D1D603 /* Main.storyboard */ = {
			isa = PBXVariantGroup;
			children = (
				71F9968D27CD048600D1D603 /* Base */,
			);
			name = Main.storyboard;
			sourceTree = "<group>";
		};
		71F9969127CD048800D1D603 /* LaunchScreen.storyboard */ = {
			isa = PBXVariantGroup;
			children = (
				71F9969227CD048800D1D603 /* Base */,
			);
			name = LaunchScreen.storyboard;
			sourceTree = "<group>";
		};
/* End PBXVariantGroup section */

/* Begin XCBuildConfiguration section */
		71F9969527CD048800D1D603 /* Debug */ = {
			isa = XCBuildConfiguration;
			buildSettings = {
				ALWAYS_SEARCH_USER_PATHS = NO;
				CLANG_ANALYZER_NONNULL = YES;
				CLANG_ANALYZER_NUMBER_OBJECT_CONVERSION = YES_AGGRESSIVE;
				CLANG_CXX_LANGUAGE_STANDARD = "gnu++17";
				CLANG_CXX_LIBRARY = "libc++";
				CLANG_ENABLE_MODULES = YES;
				CLANG_ENABLE_OBJC_ARC = YES;
				CLANG_ENABLE_OBJC_WEAK = YES;
				CLANG_WARN_BLOCK_CAPTURE_AUTORELEASING = YES;
				CLANG_WARN_BOOL_CONVERSION = YES;
				CLANG_WARN_COMMA = YES;
				CLANG_WARN_CONSTANT_CONVERSION = YES;
				CLANG_WARN_DEPRECATED_OBJC_IMPLEMENTATIONS = YES;
				CLANG_WARN_DIRECT_OBJC_ISA_USAGE = YES_ERROR;
				CLANG_WARN_DOCUMENTATION_COMMENTS = YES;
				CLANG_WARN_EMPTY_BODY = YES;
				CLANG_WARN_ENUM_CONVERSION = YES;
				CLANG_WARN_INFINITE_RECURSION = YES;
				CLANG_WARN_INT_CONVERSION = YES;
				CLANG_WARN_NON_LITERAL_NULL_CONVERSION = YES;
				CLANG_WARN_OBJC_IMPLICIT_RETAIN_SELF = YES;
				CLANG_WARN_OBJC_LITERAL_CONVERSION = YES;
				CLANG_WARN_OBJC_ROOT_CLASS = YES_ERROR;
				CLANG_WARN_QUOTED_INCLUDE_IN_FRAMEWORK_HEADER = YES;
				CLANG_WARN_RANGE_LOOP_ANALYSIS = YES;
				CLANG_WARN_STRICT_PROTOTYPES = YES;
				CLANG_WARN_SUSPICIOUS_MOVE = YES;
				CLANG_WARN_UNGUARDED_AVAILABILITY = YES_AGGRESSIVE;
				CLANG_WARN_UNREACHABLE_CODE = YES;
				CLANG_WARN__DUPLICATE_METHOD_MATCH = YES;
				COPY_PHASE_STRIP = NO;
				DEBUG_INFORMATION_FORMAT = dwarf;
				ENABLE_STRICT_OBJC_MSGSEND = YES;
				ENABLE_TESTABILITY = YES;
				GCC_C_LANGUAGE_STANDARD = gnu11;
				GCC_DYNAMIC_NO_PIC = NO;
				GCC_NO_COMMON_BLOCKS = YES;
				GCC_OPTIMIZATION_LEVEL = 0;
				GCC_PREPROCESSOR_DEFINITIONS = (
					"DEBUG=1",
					"$(inherited)",
				);
				GCC_WARN_64_TO_32_BIT_CONVERSION = YES;
				GCC_WARN_ABOUT_RETURN_TYPE = YES_ERROR;
				GCC_WARN_UNDECLARED_SELECTOR = YES;
				GCC_WARN_UNINITIALIZED_AUTOS = YES_AGGRESSIVE;
				GCC_WARN_UNUSED_FUNCTION = YES;
				GCC_WARN_UNUSED_VARIABLE = YES;
				IPHONEOS_DEPLOYMENT_TARGET = 15.2;
				MTL_ENABLE_DEBUG_INFO = INCLUDE_SOURCE;
				MTL_FAST_MATH = YES;
				ONLY_ACTIVE_ARCH = YES;
				SDKROOT = iphoneos;
				SWIFT_ACTIVE_COMPILATION_CONDITIONS = DEBUG;
				SWIFT_OPTIMIZATION_LEVEL = "-Onone";
			};
			name = Debug;
		};
		71F9969627CD048800D1D603 /* Release */ = {
			isa = XCBuildConfiguration;
			buildSettings = {
				ALWAYS_SEARCH_USER_PATHS = NO;
				CLANG_ANALYZER_NONNULL = YES;
				CLANG_ANALYZER_NUMBER_OBJECT_CONVERSION = YES_AGGRESSIVE;
				CLANG_CXX_LANGUAGE_STANDARD = "gnu++17";
				CLANG_CXX_LIBRARY = "libc++";
				CLANG_ENABLE_MODULES = YES;
				CLANG_ENABLE_OBJC_ARC = YES;
				CLANG_ENABLE_OBJC_WEAK = YES;
				CLANG_WARN_BLOCK_CAPTURE_AUTORELEASING = YES;
				CLANG_WARN_BOOL_CONVERSION = YES;
				CLANG_WARN_COMMA = YES;
				CLANG_WARN_CONSTANT_CONVERSION = YES;
				CLANG_WARN_DEPRECATED_OBJC_IMPLEMENTATIONS = YES;
				CLANG_WARN_DIRECT_OBJC_ISA_USAGE = YES_ERROR;
				CLANG_WARN_DOCUMENTATION_COMMENTS = YES;
				CLANG_WARN_EMPTY_BODY = YES;
				CLANG_WARN_ENUM_CONVERSION = YES;
				CLANG_WARN_INFINITE_RECURSION = YES;
				CLANG_WARN_INT_CONVERSION = YES;
				CLANG_WARN_NON_LITERAL_NULL_CONVERSION = YES;
				CLANG_WARN_OBJC_IMPLICIT_RETAIN_SELF = YES;
				CLANG_WARN_OBJC_LITERAL_CONVERSION = YES;
				CLANG_WARN_OBJC_ROOT_CLASS = YES_ERROR;
				CLANG_WARN_QUOTED_INCLUDE_IN_FRAMEWORK_HEADER = YES;
				CLANG_WARN_RANGE_LOOP_ANALYSIS = YES;
				CLANG_WARN_STRICT_PROTOTYPES = YES;
				CLANG_WARN_SUSPICIOUS_MOVE = YES;
				CLANG_WARN_UNGUARDED_AVAILABILITY = YES_AGGRESSIVE;
				CLANG_WARN_UNREACHABLE_CODE = YES;
				CLANG_WARN__DUPLICATE_METHOD_MATCH = YES;
				COPY_PHASE_STRIP = NO;
				DEBUG_INFORMATION_FORMAT = "dwarf-with-dsym";
				ENABLE_NS_ASSERTIONS = NO;
				ENABLE_STRICT_OBJC_MSGSEND = YES;
				GCC_C_LANGUAGE_STANDARD = gnu11;
				GCC_NO_COMMON_BLOCKS = YES;
				GCC_WARN_64_TO_32_BIT_CONVERSION = YES;
				GCC_WARN_ABOUT_RETURN_TYPE = YES_ERROR;
				GCC_WARN_UNDECLARED_SELECTOR = YES;
				GCC_WARN_UNINITIALIZED_AUTOS = YES_AGGRESSIVE;
				GCC_WARN_UNUSED_FUNCTION = YES;
				GCC_WARN_UNUSED_VARIABLE = YES;
				IPHONEOS_DEPLOYMENT_TARGET = 15.2;
				MTL_ENABLE_DEBUG_INFO = NO;
				MTL_FAST_MATH = YES;
				SDKROOT = iphoneos;
				SWIFT_COMPILATION_MODE = wholemodule;
				SWIFT_OPTIMIZATION_LEVEL = "-O";
				VALIDATE_PRODUCT = YES;
			};
			name = Release;
		};
		71F9969827CD048800D1D603 /* Debug */ = {
			isa = XCBuildConfiguration;
			buildSettings = {
				ASSETCATALOG_COMPILER_APPICON_NAME = AppIcon;
				ASSETCATALOG_COMPILER_GLOBAL_ACCENT_COLOR_NAME = AccentColor;
				CODE_SIGN_IDENTITY = "iPhone Developer";
				CODE_SIGN_STYLE = Manual;
				CURRENT_PROJECT_VERSION = 1;
				DEVELOPMENT_TEAM = 6UW3PJQ8Q3;
				GENERATE_INFOPLIST_FILE = YES;
				INFOPLIST_FILE = "CoreGraphics-Performance/Info.plist";
				INFOPLIST_KEY_UIApplicationSupportsIndirectInputEvents = YES;
				INFOPLIST_KEY_UILaunchStoryboardName = LaunchScreen;
				INFOPLIST_KEY_UIMainStoryboardFile = Main;
				INFOPLIST_KEY_UISupportedInterfaceOrientations_iPad = "UIInterfaceOrientationPortrait UIInterfaceOrientationPortraitUpsideDown UIInterfaceOrientationLandscapeLeft UIInterfaceOrientationLandscapeRight";
				INFOPLIST_KEY_UISupportedInterfaceOrientations_iPhone = "UIInterfaceOrientationPortrait UIInterfaceOrientationLandscapeLeft UIInterfaceOrientationLandscapeRight";
				IPHONEOS_DEPLOYMENT_TARGET = 13.0;
				LD_RUNPATH_SEARCH_PATHS = (
					"$(inherited)",
					"@executable_path/Frameworks",
				);
				MARKETING_VERSION = 1.0;
				PRODUCT_BUNDLE_IDENTIFIER = "com.solar.CoreGraphics-Performance";
				PRODUCT_NAME = "$(TARGET_NAME)";
				PROVISIONING_PROFILE_SPECIFIER = "Solar dev";
				SWIFT_EMIT_LOC_STRINGS = YES;
				SWIFT_VERSION = 5.0;
				TARGETED_DEVICE_FAMILY = "1,2";
			};
			name = Debug;
		};
		71F9969927CD048800D1D603 /* Release */ = {
			isa = XCBuildConfiguration;
			buildSettings = {
				ASSETCATALOG_COMPILER_APPICON_NAME = AppIcon;
				ASSETCATALOG_COMPILER_GLOBAL_ACCENT_COLOR_NAME = AccentColor;
				CODE_SIGN_IDENTITY = "iPhone Developer";
				CODE_SIGN_STYLE = Manual;
				CURRENT_PROJECT_VERSION = 1;
				DEVELOPMENT_TEAM = 6UW3PJQ8Q3;
				GENERATE_INFOPLIST_FILE = YES;
				INFOPLIST_FILE = "CoreGraphics-Performance/Info.plist";
				INFOPLIST_KEY_UIApplicationSupportsIndirectInputEvents = YES;
				INFOPLIST_KEY_UILaunchStoryboardName = LaunchScreen;
				INFOPLIST_KEY_UIMainStoryboardFile = Main;
				INFOPLIST_KEY_UISupportedInterfaceOrientations_iPad = "UIInterfaceOrientationPortrait UIInterfaceOrientationPortraitUpsideDown UIInterfaceOrientationLandscapeLeft UIInterfaceOrientationLandscapeRight";
				INFOPLIST_KEY_UISupportedInterfaceOrientations_iPhone = "UIInterfaceOrientationPortrait UIInterfaceOrientationLandscapeLeft UIInterfaceOrientationLandscapeRight";
				IPHONEOS_DEPLOYMENT_TARGET = 13.0;
				LD_RUNPATH_SEARCH_PATHS = (
					"$(inherited)",
					"@executable_path/Frameworks",
				);
				MARKETING_VERSION = 1.0;
				PRODUCT_BUNDLE_IDENTIFIER = "com.solar.CoreGraphics-Performance";
				PRODUCT_NAME = "$(TARGET_NAME)";
				PROVISIONING_PROFILE_SPECIFIER = "Solar dev";
				SWIFT_EMIT_LOC_STRINGS = YES;
				SWIFT_VERSION = 5.0;
				TARGETED_DEVICE_FAMILY = "1,2";
			};
			name = Release;
		};
/* End XCBuildConfiguration section */

/* Begin XCConfigurationList section */
		71F9967E27CD048600D1D603 /* Build configuration list for PBXProject "CoreGraphics-Performance" */ = {
			isa = XCConfigurationList;
			buildConfigurations = (
				71F9969527CD048800D1D603 /* Debug */,
				71F9969627CD048800D1D603 /* Release */,
			);
			defaultConfigurationIsVisible = 0;
			defaultConfigurationName = Release;
		};
		71F9969727CD048800D1D603 /* Build configuration list for PBXNativeTarget "CoreGraphics-Performance" */ = {
			isa = XCConfigurationList;
			buildConfigurations = (
				71F9969827CD048800D1D603 /* Debug */,
				71F9969927CD048800D1D603 /* Release */,
			);
			defaultConfigurationIsVisible = 0;
			defaultConfigurationName = Release;
		};
/* End XCConfigurationList section */
	};
	rootObject = 71F9967B27CD048600D1D603 /* Project object */;
}
